
Microsoft Visual Studio Solution File, Format Version 12.00
# Visual Studio Version 16
VisualStudioVersion = 16.0.30128.74
MinimumVisualStudioVersion = 10.0.40219.1
Project("{FAE04EC0-301F-11D3-BF4B-00C04F79EFBC}") = "Recuperacion", "Recuperacion.csproj", "{17E45A3C-72B4-4A29-91FB-B6695EC9A158}"
EndProject
Global
	GlobalSection(SolutionConfigurationPlatforms) = preSolution
		Debug|Any CPU = Debug|Any CPU
		Release|Any CPU = Release|Any CPU
	EndGlobalSection
	GlobalSection(ProjectConfigurationPlatforms) = postSolution
		{17E45A3C-72B4-4A29-91FB-B6695EC9A158}.Debug|Any CPU.ActiveCfg = Debug|Any CPU
		{17E45A3C-72B4-4A29-91FB-B6695EC9A158}.Debug|Any CPU.Build.0 = Debug|Any CPU
		{17E45A3C-72B4-4A29-91FB-B6695EC9A158}.Release|Any CPU.ActiveCfg = Release|Any CPU
		{17E45A3C-72B4-4A29-91FB-B6695EC9A158}.Release|Any CPU.Build.0 = Release|Any CPU
	EndGlobalSection
	GlobalSection(SolutionProperties) = preSolution
		HideSolutionNode = FALSE
	EndGlobalSection
	GlobalSection(ExtensibilityGlobals) = postSolution
		SolutionGuid = {F172053F-56CB-4EE5-B662-57087BE963C8}
	EndGlobalSection
EndGlobal
